
Microsoft Visual Studio Solution File, Format Version 12.00
# Visual Studio Version 17
VisualStudioVersion = 17.0.31903.59
MinimumVisualStudioVersion = 10.0.40219.1
Project("{2150E333-8FDC-42A3-9474-1A3956D46DE8}") = "Main", "Main", "{FA34BA54-9255-4A5B-954D-63F97D96A55F}"
EndProject
Project("{2150E333-8FDC-42A3-9474-1A3956D46DE8}") = "Tests", "Tests", "{791BE61D-90EE-4922-91A1-8EE76A90A6E7}"
EndProject
Project("{2150E333-8FDC-42A3-9474-1A3956D46DE8}") = "Library", "Library", "{E30CB911-F671-444D-91C2-F635898081E0}"
EndProject
Project("{2150E333-8FDC-42A3-9474-1A3956D46DE8}") = "Apps", "Apps", "{4B368901-4FCA-4657-AEFF-8B3435F4D2BE}"
EndProject
Project("{2150E333-8FDC-42A3-9474-1A3956D46DE8}") = "Apps", "Apps", "{4440D4A3-A742-4D2F-B67F-2F3087E795F4}"
EndProject
Project("{2150E333-8FDC-42A3-9474-1A3956D46DE8}") = "Library", "Library", "{40E2D4FC-0164-4A51-B01A-1FC3660FE102}"
EndProject
Project("{FAE04EC0-301F-11D3-BF4B-00C04F79EFBC}") = "Utils", "Main\Library\Utils\Utils.csproj", "{615B10F7-9178-4A64-8C10-1101B6A18DF1}"
EndProject
Project("{FAE04EC0-301F-11D3-BF4B-00C04F79EFBC}") = "Tools", "Main\Library\Tools\Tools.csproj", "{6D98B076-F50C-47F6-B83B-338B4705D3EC}"
EndProject
Project("{FAE04EC0-301F-11D3-BF4B-00C04F79EFBC}") = "Services", "Main\Library\Services\Services.csproj", "{5716AC83-D999-4BDC-951F-C2D9073E6139}"
EndProject
Project("{FAE04EC0-301F-11D3-BF4B-00C04F79EFBC}") = "Repository", "Main\Library\Repository\Repository.csproj", "{BCF28753-7877-4B24-B22A-EC38FC43C313}"
EndProject
Project("{FAE04EC0-301F-11D3-BF4B-00C04F79EFBC}") = "UtilsTester", "Tests\Library\UtilsTester\UtilsTester.csproj", "{EB76C1B9-932E-4CE8-9017-9C9B1925302D}"
EndProject
Project("{FAE04EC0-301F-11D3-BF4B-00C04F79EFBC}") = "ToolsTester", "Tests\Library\ToolsTester\ToolsTester.csproj", "{FCE0679D-6D4F-4D62-A11C-77F015877142}"
EndProject
Project("{FAE04EC0-301F-11D3-BF4B-00C04F79EFBC}") = "ServicesTester", "Tests\Library\ServicesTester\ServicesTester.csproj", "{E8B31265-469A-4B21-8625-10C0FF27939C}"
EndProject
Project("{FAE04EC0-301F-11D3-BF4B-00C04F79EFBC}") = "RepositoryTester", "Tests\Library\RepositoryTester\RepositoryTester.csproj", "{FB6F840A-E4E5-459D-BBB2-AA342D8523AE}"
EndProject
Project("{FAE04EC0-301F-11D3-BF4B-00C04F79EFBC}") = "Api", "Main\Apps\Api\Api.csproj", "{58547FE4-66B9-4CFB-80D4-0D4B9EA4BFFC}"
EndProject
Project("{FAE04EC0-301F-11D3-BF4B-00C04F79EFBC}") = "ApiTester", "Tests\Apps\ApiTester\ApiTester.csproj", "{DF30BFD5-7406-4386-AF3D-E549CA622EA5}"
EndProject
Global
	GlobalSection(SolutionConfigurationPlatforms) = preSolution
		Debug|Any CPU = Debug|Any CPU
		Release|Any CPU = Release|Any CPU
	EndGlobalSection
	GlobalSection(SolutionProperties) = preSolution
		HideSolutionNode = FALSE
	EndGlobalSection
	GlobalSection(NestedProjects) = preSolution
		{40E2D4FC-0164-4A51-B01A-1FC3660FE102} = {FA34BA54-9255-4A5B-954D-63F97D96A55F}
		{4440D4A3-A742-4D2F-B67F-2F3087E795F4} = {FA34BA54-9255-4A5B-954D-63F97D96A55F}
		{4B368901-4FCA-4657-AEFF-8B3435F4D2BE} = {791BE61D-90EE-4922-91A1-8EE76A90A6E7}
		{E30CB911-F671-444D-91C2-F635898081E0} = {791BE61D-90EE-4922-91A1-8EE76A90A6E7}
		{615B10F7-9178-4A64-8C10-1101B6A18DF1} = {40E2D4FC-0164-4A51-B01A-1FC3660FE102}
		{6D98B076-F50C-47F6-B83B-338B4705D3EC} = {40E2D4FC-0164-4A51-B01A-1FC3660FE102}
		{5716AC83-D999-4BDC-951F-C2D9073E6139} = {40E2D4FC-0164-4A51-B01A-1FC3660FE102}
		{BCF28753-7877-4B24-B22A-EC38FC43C313} = {40E2D4FC-0164-4A51-B01A-1FC3660FE102}
		{EB76C1B9-932E-4CE8-9017-9C9B1925302D} = {E30CB911-F671-444D-91C2-F635898081E0}
		{FCE0679D-6D4F-4D62-A11C-77F015877142} = {E30CB911-F671-444D-91C2-F635898081E0}
		{E8B31265-469A-4B21-8625-10C0FF27939C} = {E30CB911-F671-444D-91C2-F635898081E0}
		{FB6F840A-E4E5-459D-BBB2-AA342D8523AE} = {E30CB911-F671-444D-91C2-F635898081E0}
		{58547FE4-66B9-4CFB-80D4-0D4B9EA4BFFC} = {4440D4A3-A742-4D2F-B67F-2F3087E795F4}
		{DF30BFD5-7406-4386-AF3D-E549CA622EA5} = {4B368901-4FCA-4657-AEFF-8B3435F4D2BE}
	EndGlobalSection
	GlobalSection(ProjectConfigurationPlatforms) = postSolution
		{615B10F7-9178-4A64-8C10-1101B6A18DF1}.Debug|Any CPU.ActiveCfg = Debug|Any CPU
		{615B10F7-9178-4A64-8C10-1101B6A18DF1}.Debug|Any CPU.Build.0 = Debug|Any CPU
		{615B10F7-9178-4A64-8C10-1101B6A18DF1}.Release|Any CPU.ActiveCfg = Release|Any CPU
		{615B10F7-9178-4A64-8C10-1101B6A18DF1}.Release|Any CPU.Build.0 = Release|Any CPU
		{6D98B076-F50C-47F6-B83B-338B4705D3EC}.Debug|Any CPU.ActiveCfg = Debug|Any CPU
		{6D98B076-F50C-47F6-B83B-338B4705D3EC}.Debug|Any CPU.Build.0 = Debug|Any CPU
		{6D98B076-F50C-47F6-B83B-338B4705D3EC}.Release|Any CPU.ActiveCfg = Release|Any CPU
		{6D98B076-F50C-47F6-B83B-338B4705D3EC}.Release|Any CPU.Build.0 = Release|Any CPU
		{5716AC83-D999-4BDC-951F-C2D9073E6139}.Debug|Any CPU.ActiveCfg = Debug|Any CPU
		{5716AC83-D999-4BDC-951F-C2D9073E6139}.Debug|Any CPU.Build.0 = Debug|Any CPU
		{5716AC83-D999-4BDC-951F-C2D9073E6139}.Release|Any CPU.ActiveCfg = Release|Any CPU
		{5716AC83-D999-4BDC-951F-C2D9073E6139}.Release|Any CPU.Build.0 = Release|Any CPU
		{BCF28753-7877-4B24-B22A-EC38FC43C313}.Debug|Any CPU.ActiveCfg = Debug|Any CPU
		{BCF28753-7877-4B24-B22A-EC38FC43C313}.Debug|Any CPU.Build.0 = Debug|Any CPU
		{BCF28753-7877-4B24-B22A-EC38FC43C313}.Release|Any CPU.ActiveCfg = Release|Any CPU
		{BCF28753-7877-4B24-B22A-EC38FC43C313}.Release|Any CPU.Build.0 = Release|Any CPU
		{EB76C1B9-932E-4CE8-9017-9C9B1925302D}.Debug|Any CPU.ActiveCfg = Debug|Any CPU
		{EB76C1B9-932E-4CE8-9017-9C9B1925302D}.Debug|Any CPU.Build.0 = Debug|Any CPU
		{EB76C1B9-932E-4CE8-9017-9C9B1925302D}.Release|Any CPU.ActiveCfg = Release|Any CPU
		{EB76C1B9-932E-4CE8-9017-9C9B1925302D}.Release|Any CPU.Build.0 = Release|Any CPU
		{FCE0679D-6D4F-4D62-A11C-77F015877142}.Debug|Any CPU.ActiveCfg = Debug|Any CPU
		{FCE0679D-6D4F-4D62-A11C-77F015877142}.Debug|Any CPU.Build.0 = Debug|Any CPU
		{FCE0679D-6D4F-4D62-A11C-77F015877142}.Release|Any CPU.ActiveCfg = Release|Any CPU
		{FCE0679D-6D4F-4D62-A11C-77F015877142}.Release|Any CPU.Build.0 = Release|Any CPU
		{E8B31265-469A-4B21-8625-10C0FF27939C}.Debug|Any CPU.ActiveCfg = Debug|Any CPU
		{E8B31265-469A-4B21-8625-10C0FF27939C}.Debug|Any CPU.Build.0 = Debug|Any CPU
		{E8B31265-469A-4B21-8625-10C0FF27939C}.Release|Any CPU.ActiveCfg = Release|Any CPU
		{E8B31265-469A-4B21-8625-10C0FF27939C}.Release|Any CPU.Build.0 = Release|Any CPU
		{FB6F840A-E4E5-459D-BBB2-AA342D8523AE}.Debug|Any CPU.ActiveCfg = Debug|Any CPU
		{FB6F840A-E4E5-459D-BBB2-AA342D8523AE}.Debug|Any CPU.Build.0 = Debug|Any CPU
		{FB6F840A-E4E5-459D-BBB2-AA342D8523AE}.Release|Any CPU.ActiveCfg = Release|Any CPU
		{FB6F840A-E4E5-459D-BBB2-AA342D8523AE}.Release|Any CPU.Build.0 = Release|Any CPU
		{58547FE4-66B9-4CFB-80D4-0D4B9EA4BFFC}.Debug|Any CPU.ActiveCfg = Debug|Any CPU
		{58547FE4-66B9-4CFB-80D4-0D4B9EA4BFFC}.Debug|Any CPU.Build.0 = Debug|Any CPU
		{58547FE4-66B9-4CFB-80D4-0D4B9EA4BFFC}.Release|Any CPU.ActiveCfg = Release|Any CPU
		{58547FE4-66B9-4CFB-80D4-0D4B9EA4BFFC}.Release|Any CPU.Build.0 = Release|Any CPU
		{DF30BFD5-7406-4386-AF3D-E549CA622EA5}.Debug|Any CPU.ActiveCfg = Debug|Any CPU
		{DF30BFD5-7406-4386-AF3D-E549CA622EA5}.Debug|Any CPU.Build.0 = Debug|Any CPU
		{DF30BFD5-7406-4386-AF3D-E549CA622EA5}.Release|Any CPU.ActiveCfg = Release|Any CPU
		{DF30BFD5-7406-4386-AF3D-E549CA622EA5}.Release|Any CPU.Build.0 = Release|Any CPU
	EndGlobalSection
EndGlobal
