
Microsoft Visual Studio Solution File, Format Version 12.00
# Visual Studio Version 17
VisualStudioVersion = 17.0.31903.59
MinimumVisualStudioVersion = 10.0.40219.1
Project("{2150E333-8FDC-42A3-9474-1A3956D46DE8}") = "Main", "Main", "{F4546F3F-6DEB-4A7D-917C-067E701B099E}"
EndProject
Project("{2150E333-8FDC-42A3-9474-1A3956D46DE8}") = "Library", "Library", "{D67B7DA9-497F-4D8D-84FE-3483E7E1159A}"
EndProject
Project("{FAE04EC0-301F-11D3-BF4B-00C04F79EFBC}") = "Utils", "Main\Library\Utils\Utils.csproj", "{CBEE25C5-DC94-4C31-9F3D-FDB36321E074}"
EndProject
Project("{FAE04EC0-301F-11D3-BF4B-00C04F79EFBC}") = "Tools", "Main\Library\Tools\Tools.csproj", "{06565FC8-EA64-46C9-B0F6-EB2681777670}"
EndProject
Project("{FAE04EC0-301F-11D3-BF4B-00C04F79EFBC}") = "Repository", "Main\Library\Repository\Repository.csproj", "{1D5F2F63-7D34-44E1-AB1A-824500782223}"
EndProject
Project("{FAE04EC0-301F-11D3-BF4B-00C04F79EFBC}") = "Services", "Main\Library\Services\Services.csproj", "{0A01651F-5BA4-4D99-B011-CAE185B15A53}"
EndProject
Project("{2150E333-8FDC-42A3-9474-1A3956D46DE8}") = "Apps", "Apps", "{C3616116-D352-4215-A320-92CF9DCA7BFB}"
EndProject
Project("{FAE04EC0-301F-11D3-BF4B-00C04F79EFBC}") = "Api", "Main\Apps\Api\Api.csproj", "{A7502229-C9CA-4FA4-9F9D-8BE8FB598F63}"
EndProject
Project("{2150E333-8FDC-42A3-9474-1A3956D46DE8}") = "Tests", "Tests", "{B6AEDC48-12A6-44B5-ACAE-A3E421133C9E}"
EndProject
Project("{2150E333-8FDC-42A3-9474-1A3956D46DE8}") = "Apps", "Apps", "{013C9357-E1FF-4E3F-ADB0-ED39031A9067}"
EndProject
Project("{2150E333-8FDC-42A3-9474-1A3956D46DE8}") = "Library", "Library", "{C2534979-AC02-46B4-95A2-E3EE9571B923}"
EndProject
Project("{FAE04EC0-301F-11D3-BF4B-00C04F79EFBC}") = "UtilsTester", "Tests\Library\UtilsTester\UtilsTester.csproj", "{11A76750-AE22-4B18-8D17-EED427DB374D}"
EndProject
Project("{FAE04EC0-301F-11D3-BF4B-00C04F79EFBC}") = "ToolsTester", "Tests\Library\ToolsTester\ToolsTester.csproj", "{97E93609-9352-4675-9171-97C5350BEFF7}"
EndProject
Project("{FAE04EC0-301F-11D3-BF4B-00C04F79EFBC}") = "RepositoryTester", "Tests\Library\RepositoryTester\RepositoryTester.csproj", "{835EBB0F-37BB-4007-AB5C-0D88EAE76978}"
EndProject
Project("{FAE04EC0-301F-11D3-BF4B-00C04F79EFBC}") = "ApiTester", "Tests\Apps\ApiTester\ApiTester.csproj", "{207AC97E-27BD-4AEF-AC0E-8C7D9C4EA1CF}"
EndProject
Project("{FAE04EC0-301F-11D3-BF4B-00C04F79EFBC}") = "ServicesTester", "Tests\Library\ServicesTester\ServicesTester.csproj", "{88B581E1-D681-4CBF-B3CE-DBE03066512A}"
EndProject
Global
	GlobalSection(SolutionConfigurationPlatforms) = preSolution
		Debug|Any CPU = Debug|Any CPU
		Release|Any CPU = Release|Any CPU
	EndGlobalSection
	GlobalSection(SolutionProperties) = preSolution
		HideSolutionNode = FALSE
	EndGlobalSection
	GlobalSection(ProjectConfigurationPlatforms) = postSolution
		{CBEE25C5-DC94-4C31-9F3D-FDB36321E074}.Debug|Any CPU.ActiveCfg = Debug|Any CPU
		{CBEE25C5-DC94-4C31-9F3D-FDB36321E074}.Debug|Any CPU.Build.0 = Debug|Any CPU
		{CBEE25C5-DC94-4C31-9F3D-FDB36321E074}.Release|Any CPU.ActiveCfg = Release|Any CPU
		{CBEE25C5-DC94-4C31-9F3D-FDB36321E074}.Release|Any CPU.Build.0 = Release|Any CPU
		{06565FC8-EA64-46C9-B0F6-EB2681777670}.Debug|Any CPU.ActiveCfg = Debug|Any CPU
		{06565FC8-EA64-46C9-B0F6-EB2681777670}.Debug|Any CPU.Build.0 = Debug|Any CPU
		{06565FC8-EA64-46C9-B0F6-EB2681777670}.Release|Any CPU.ActiveCfg = Release|Any CPU
		{06565FC8-EA64-46C9-B0F6-EB2681777670}.Release|Any CPU.Build.0 = Release|Any CPU
		{1D5F2F63-7D34-44E1-AB1A-824500782223}.Debug|Any CPU.ActiveCfg = Debug|Any CPU
		{1D5F2F63-7D34-44E1-AB1A-824500782223}.Debug|Any CPU.Build.0 = Debug|Any CPU
		{1D5F2F63-7D34-44E1-AB1A-824500782223}.Release|Any CPU.ActiveCfg = Release|Any CPU
		{1D5F2F63-7D34-44E1-AB1A-824500782223}.Release|Any CPU.Build.0 = Release|Any CPU
		{0A01651F-5BA4-4D99-B011-CAE185B15A53}.Debug|Any CPU.ActiveCfg = Debug|Any CPU
		{0A01651F-5BA4-4D99-B011-CAE185B15A53}.Debug|Any CPU.Build.0 = Debug|Any CPU
		{0A01651F-5BA4-4D99-B011-CAE185B15A53}.Release|Any CPU.ActiveCfg = Release|Any CPU
		{0A01651F-5BA4-4D99-B011-CAE185B15A53}.Release|Any CPU.Build.0 = Release|Any CPU
		{A7502229-C9CA-4FA4-9F9D-8BE8FB598F63}.Debug|Any CPU.ActiveCfg = Debug|Any CPU
		{A7502229-C9CA-4FA4-9F9D-8BE8FB598F63}.Debug|Any CPU.Build.0 = Debug|Any CPU
		{A7502229-C9CA-4FA4-9F9D-8BE8FB598F63}.Release|Any CPU.ActiveCfg = Release|Any CPU
		{A7502229-C9CA-4FA4-9F9D-8BE8FB598F63}.Release|Any CPU.Build.0 = Release|Any CPU
		{11A76750-AE22-4B18-8D17-EED427DB374D}.Debug|Any CPU.ActiveCfg = Debug|Any CPU
		{11A76750-AE22-4B18-8D17-EED427DB374D}.Debug|Any CPU.Build.0 = Debug|Any CPU
		{11A76750-AE22-4B18-8D17-EED427DB374D}.Release|Any CPU.ActiveCfg = Release|Any CPU
		{11A76750-AE22-4B18-8D17-EED427DB374D}.Release|Any CPU.Build.0 = Release|Any CPU
		{97E93609-9352-4675-9171-97C5350BEFF7}.Debug|Any CPU.ActiveCfg = Debug|Any CPU
		{97E93609-9352-4675-9171-97C5350BEFF7}.Debug|Any CPU.Build.0 = Debug|Any CPU
		{97E93609-9352-4675-9171-97C5350BEFF7}.Release|Any CPU.ActiveCfg = Release|Any CPU
		{97E93609-9352-4675-9171-97C5350BEFF7}.Release|Any CPU.Build.0 = Release|Any CPU
		{835EBB0F-37BB-4007-AB5C-0D88EAE76978}.Debug|Any CPU.ActiveCfg = Debug|Any CPU
		{835EBB0F-37BB-4007-AB5C-0D88EAE76978}.Debug|Any CPU.Build.0 = Debug|Any CPU
		{835EBB0F-37BB-4007-AB5C-0D88EAE76978}.Release|Any CPU.ActiveCfg = Release|Any CPU
		{835EBB0F-37BB-4007-AB5C-0D88EAE76978}.Release|Any CPU.Build.0 = Release|Any CPU
		{207AC97E-27BD-4AEF-AC0E-8C7D9C4EA1CF}.Debug|Any CPU.ActiveCfg = Debug|Any CPU
		{207AC97E-27BD-4AEF-AC0E-8C7D9C4EA1CF}.Debug|Any CPU.Build.0 = Debug|Any CPU
		{207AC97E-27BD-4AEF-AC0E-8C7D9C4EA1CF}.Release|Any CPU.ActiveCfg = Release|Any CPU
		{207AC97E-27BD-4AEF-AC0E-8C7D9C4EA1CF}.Release|Any CPU.Build.0 = Release|Any CPU
		{88B581E1-D681-4CBF-B3CE-DBE03066512A}.Debug|Any CPU.ActiveCfg = Debug|Any CPU
		{88B581E1-D681-4CBF-B3CE-DBE03066512A}.Debug|Any CPU.Build.0 = Debug|Any CPU
		{88B581E1-D681-4CBF-B3CE-DBE03066512A}.Release|Any CPU.ActiveCfg = Release|Any CPU
		{88B581E1-D681-4CBF-B3CE-DBE03066512A}.Release|Any CPU.Build.0 = Release|Any CPU
	EndGlobalSection
	GlobalSection(NestedProjects) = preSolution
		{C2534979-AC02-46B4-95A2-E3EE9571B923} = {B6AEDC48-12A6-44B5-ACAE-A3E421133C9E}
		{013C9357-E1FF-4E3F-ADB0-ED39031A9067} = {B6AEDC48-12A6-44B5-ACAE-A3E421133C9E}
		{C3616116-D352-4215-A320-92CF9DCA7BFB} = {F4546F3F-6DEB-4A7D-917C-067E701B099E}
		{D67B7DA9-497F-4D8D-84FE-3483E7E1159A} = {F4546F3F-6DEB-4A7D-917C-067E701B099E}
		{CBEE25C5-DC94-4C31-9F3D-FDB36321E074} = {D67B7DA9-497F-4D8D-84FE-3483E7E1159A}
		{06565FC8-EA64-46C9-B0F6-EB2681777670} = {D67B7DA9-497F-4D8D-84FE-3483E7E1159A}
		{1D5F2F63-7D34-44E1-AB1A-824500782223} = {D67B7DA9-497F-4D8D-84FE-3483E7E1159A}
		{0A01651F-5BA4-4D99-B011-CAE185B15A53} = {D67B7DA9-497F-4D8D-84FE-3483E7E1159A}
		{A7502229-C9CA-4FA4-9F9D-8BE8FB598F63} = {C3616116-D352-4215-A320-92CF9DCA7BFB}
		{11A76750-AE22-4B18-8D17-EED427DB374D} = {C2534979-AC02-46B4-95A2-E3EE9571B923}
		{97E93609-9352-4675-9171-97C5350BEFF7} = {C2534979-AC02-46B4-95A2-E3EE9571B923}
		{835EBB0F-37BB-4007-AB5C-0D88EAE76978} = {C2534979-AC02-46B4-95A2-E3EE9571B923}
		{207AC97E-27BD-4AEF-AC0E-8C7D9C4EA1CF} = {013C9357-E1FF-4E3F-ADB0-ED39031A9067}
		{88B581E1-D681-4CBF-B3CE-DBE03066512A} = {C2534979-AC02-46B4-95A2-E3EE9571B923}
	EndGlobalSection
EndGlobal
